
Microsoft Visual Studio Solution File, Format Version 12.00
# Visual Studio 15
VisualStudioVersion = 15.0.28307.421
MinimumVisualStudioVersion = 10.0.40219.1
Project("{2150E333-8FDC-42A3-9474-1A3956D46DE8}") = "01 Tipo de Datos", "01 Tipo de Datos", "{152CAD6B-74D4-4641-A934-A772D80D33E9}"
EndProject
Project("{FAE04EC0-301F-11D3-BF4B-00C04F79EFBC}") = "Curso.CSharp.ConsolaApp1", "Curso.CSharp.ConsolaApp1\Curso.CSharp.ConsolaApp1.csproj", "{5FB26C28-24C3-4033-8FA9-47640C1696FA}"
EndProject
Project("{2150E333-8FDC-42A3-9474-1A3956D46DE8}") = "02 Metodos", "02 Metodos", "{524CAD5D-F00E-4D03-A368-65E36FC09446}"
EndProject
Project("{FAE04EC0-301F-11D3-BF4B-00C04F79EFBC}") = "Curso.CSharp.ConsoleApp2", "Curso.CSharp.ConsoleApp2\Curso.CSharp.ConsoleApp2.csproj", "{65920268-A94C-4C77-B7FA-E907CC372060}"
EndProject
Project("{2150E333-8FDC-42A3-9474-1A3956D46DE8}") = "03 Arrays", "03 Arrays", "{B5A5E164-6771-44AB-8A87-C18C7E6A569F}"
EndProject
Project("{FAE04EC0-301F-11D3-BF4B-00C04F79EFBC}") = "Curso.CSharp.ConsoleApp3", "Curso.CSharp.ConsoleApp3\Curso.CSharp.ConsoleApp3.csproj", "{97B9F60A-11AB-47E7-A1EF-67ABBCECF307}"
EndProject
Project("{2150E333-8FDC-42A3-9474-1A3956D46DE8}") = "99 Ejercicios", "99 Ejercicios", "{5C58D504-2566-4083-8ABE-0C103D503405}"
EndProject
Project("{FAE04EC0-301F-11D3-BF4B-00C04F79EFBC}") = "Curso.CSharp.ConsoleAppEjercicios", "Curso.CSharp.ConsoleAppEjercicios\Curso.CSharp.ConsoleAppEjercicios.csproj", "{B175D49D-F3B4-4546-ADE0-7EB4C0530398}"
EndProject
Project("{2150E333-8FDC-42A3-9474-1A3956D46DE8}") = "04 Excepciones", "04 Excepciones", "{6E8FC808-D06B-45EC-8B6F-43D0AF9349D3}"
EndProject
Project("{FAE04EC0-301F-11D3-BF4B-00C04F79EFBC}") = "Curso.CSharp.ConsoleApp4", "Curso.CSharp.ConsoleApp4\Curso.CSharp.ConsoleApp4.csproj", "{B2D21FC5-E58D-4803-BF34-5FE9297FB4FC}"
EndProject
Project("{2150E333-8FDC-42A3-9474-1A3956D46DE8}") = "05 Eventos", "05 Eventos", "{5B44A6B0-A932-4BE0-B50F-5509E5DB396A}"
EndProject
Project("{FAE04EC0-301F-11D3-BF4B-00C04F79EFBC}") = "Curso.CSharp.ConsoleApp5", "Curso.CSharp.ConsoleApp5\Curso.CSharp.ConsoleApp5.csproj", "{BA3F1BFA-DB93-4ABA-BE06-926314E7ED17}"
EndProject
Project("{2150E333-8FDC-42A3-9474-1A3956D46DE8}") = "06 Interfaces y Diseño de Factorias", "06 Interfaces y Diseño de Factorias", "{0D8ECEF1-B64E-41C5-BED4-CA7CE9AC662E}"
EndProject
Project("{FAE04EC0-301F-11D3-BF4B-00C04F79EFBC}") = "Curso.CSharp.ConsoleApp6", "Curso.CSharp.ConsoleApp6\Curso.CSharp.ConsoleApp6.csproj", "{17498690-8BF0-41AF-911A-E7395AF92C0C}"
EndProject
Project("{2150E333-8FDC-42A3-9474-1A3956D46DE8}") = "07 Clases abstractas", "07 Clases abstractas", "{973DD2BD-BC69-46ED-A59C-BB321138E718}"
EndProject
Project("{FAE04EC0-301F-11D3-BF4B-00C04F79EFBC}") = "Curso.CSharp.ConsoleApp7", "Curso.CSharp.ConsoleApp7\Curso.CSharp.ConsoleApp7.csproj", "{153E3FFC-984E-4B76-92E7-D9973EB14570}"
EndProject
Project("{2150E333-8FDC-42A3-9474-1A3956D46DE8}") = "08 Tipo Genérico y extensión de tipos", "08 Tipo Genérico y extensión de tipos", "{29073A9F-C9F1-4143-844A-3FA133B57AD4}"
EndProject
Project("{FAE04EC0-301F-11D3-BF4B-00C04F79EFBC}") = "Curso.CSharp.ConsoleApp8", "Curso.CSharp.ConsoleApp8\Curso.CSharp.ConsoleApp8.csproj", "{713ACEFA-E437-44CF-AA3E-F18027E09CD6}"
EndProject
Project("{2150E333-8FDC-42A3-9474-1A3956D46DE8}") = "09 Colecciones y Linq", "09 Colecciones y Linq", "{CBF319A3-4FD3-4ED0-B732-7530F7F6C5C9}"
EndProject
Project("{FAE04EC0-301F-11D3-BF4B-00C04F79EFBC}") = "Curso.CSharp.ConsoleApp9", "Curso.CSharp.ConsoleApp9\Curso.CSharp.ConsoleApp9.csproj", "{689CBE0C-6485-4AFC-89F2-F0631821E2D5}"
EndProject
Project("{FAE04EC0-301F-11D3-BF4B-00C04F79EFBC}") = "Curso.CSharp.ConsoleAppEjercicios2", "Curso.CSharp.ConsoleAppEjercicios2\Curso.CSharp.ConsoleAppEjercicios2.csproj", "{162367C4-1747-49A5-AEBE-CEF409C21489}"
EndProject
Project("{2150E333-8FDC-42A3-9474-1A3956D46DE8}") = "10 Entity Framework", "10 Entity Framework", "{162CE8D4-F861-4907-8EE4-43DC4DF3E039}"
EndProject
Project("{FAE04EC0-301F-11D3-BF4B-00C04F79EFBC}") = "Curso.CSharp.ConsoleApp10", "Curso.CSharp.ConsoleApp10\Curso.CSharp.ConsoleApp10.csproj", "{90744F75-0DE7-4AC7-B99A-97466717AE1A}"
EndProject
Project("{2150E333-8FDC-42A3-9474-1A3956D46DE8}") = "11 Tareas", "11 Tareas", "{F07FABAB-BF63-44C1-8AEC-E5F85113356B}"
EndProject
Project("{FAE04EC0-301F-11D3-BF4B-00C04F79EFBC}") = "Curso.CSharp.ConsoleApp11", "Curso.CSharp.ConsoleApp11\Curso.CSharp.ConsoleApp11.csproj", "{6757B348-B05A-4508-8B89-8378EC3797B1}"
EndProject
Project("{FAE04EC0-301F-11D3-BF4B-00C04F79EFBC}") = "Curso.CSharp.ConsoleAppEjercicios3", "Curso.CSharp.ConsoleAppEjercicios3\Curso.CSharp.ConsoleAppEjercicios3.csproj", "{61CAB738-F9EB-42C4-B00A-31BF0D8CCAA0}"
EndProject
Project("{2150E333-8FDC-42A3-9474-1A3956D46DE8}") = "20 HTML, CSS, CSharp lado servidor", "20 HTML, CSS, CSharp lado servidor", "{DF56F90A-F711-450C-BC80-29F793EBFB37}"
EndProject
Project("{FAE04EC0-301F-11D3-BF4B-00C04F79EFBC}") = "Curso.HTML.WebApplication1", "Curso.HTML.WebApplication1\Curso.HTML.WebApplication1.csproj", "{7832A76C-8FB3-462B-9966-D9215C83DB4A}"
EndProject
Project("{2150E333-8FDC-42A3-9474-1A3956D46DE8}") = "98 Ejercicios Extras", "98 Ejercicios Extras", "{E70C2C0C-3529-44F9-9E70-4AEB6147907F}"
EndProject
Project("{FAE04EC0-301F-11D3-BF4B-00C04F79EFBC}") = "ConsoleApp1", "ConsoleApp1\ConsoleApp1.csproj", "{13423CAD-86C1-4A4D-B345-DBC4E8A32E59}"
EndProject
Global
	GlobalSection(SolutionConfigurationPlatforms) = preSolution
		Debug|Any CPU = Debug|Any CPU
		Release|Any CPU = Release|Any CPU
	EndGlobalSection
	GlobalSection(ProjectConfigurationPlatforms) = postSolution
		{5FB26C28-24C3-4033-8FA9-47640C1696FA}.Debug|Any CPU.ActiveCfg = Debug|Any CPU
		{5FB26C28-24C3-4033-8FA9-47640C1696FA}.Debug|Any CPU.Build.0 = Debug|Any CPU
		{5FB26C28-24C3-4033-8FA9-47640C1696FA}.Release|Any CPU.ActiveCfg = Release|Any CPU
		{5FB26C28-24C3-4033-8FA9-47640C1696FA}.Release|Any CPU.Build.0 = Release|Any CPU
		{65920268-A94C-4C77-B7FA-E907CC372060}.Debug|Any CPU.ActiveCfg = Debug|Any CPU
		{65920268-A94C-4C77-B7FA-E907CC372060}.Debug|Any CPU.Build.0 = Debug|Any CPU
		{65920268-A94C-4C77-B7FA-E907CC372060}.Release|Any CPU.ActiveCfg = Release|Any CPU
		{65920268-A94C-4C77-B7FA-E907CC372060}.Release|Any CPU.Build.0 = Release|Any CPU
		{97B9F60A-11AB-47E7-A1EF-67ABBCECF307}.Debug|Any CPU.ActiveCfg = Debug|Any CPU
		{97B9F60A-11AB-47E7-A1EF-67ABBCECF307}.Debug|Any CPU.Build.0 = Debug|Any CPU
		{97B9F60A-11AB-47E7-A1EF-67ABBCECF307}.Release|Any CPU.ActiveCfg = Release|Any CPU
		{97B9F60A-11AB-47E7-A1EF-67ABBCECF307}.Release|Any CPU.Build.0 = Release|Any CPU
		{B175D49D-F3B4-4546-ADE0-7EB4C0530398}.Debug|Any CPU.ActiveCfg = Debug|Any CPU
		{B175D49D-F3B4-4546-ADE0-7EB4C0530398}.Debug|Any CPU.Build.0 = Debug|Any CPU
		{B175D49D-F3B4-4546-ADE0-7EB4C0530398}.Release|Any CPU.ActiveCfg = Release|Any CPU
		{B175D49D-F3B4-4546-ADE0-7EB4C0530398}.Release|Any CPU.Build.0 = Release|Any CPU
		{B2D21FC5-E58D-4803-BF34-5FE9297FB4FC}.Debug|Any CPU.ActiveCfg = Debug|Any CPU
		{B2D21FC5-E58D-4803-BF34-5FE9297FB4FC}.Debug|Any CPU.Build.0 = Debug|Any CPU
		{B2D21FC5-E58D-4803-BF34-5FE9297FB4FC}.Release|Any CPU.ActiveCfg = Release|Any CPU
		{B2D21FC5-E58D-4803-BF34-5FE9297FB4FC}.Release|Any CPU.Build.0 = Release|Any CPU
		{BA3F1BFA-DB93-4ABA-BE06-926314E7ED17}.Debug|Any CPU.ActiveCfg = Debug|Any CPU
		{BA3F1BFA-DB93-4ABA-BE06-926314E7ED17}.Debug|Any CPU.Build.0 = Debug|Any CPU
		{BA3F1BFA-DB93-4ABA-BE06-926314E7ED17}.Release|Any CPU.ActiveCfg = Release|Any CPU
		{BA3F1BFA-DB93-4ABA-BE06-926314E7ED17}.Release|Any CPU.Build.0 = Release|Any CPU
		{17498690-8BF0-41AF-911A-E7395AF92C0C}.Debug|Any CPU.ActiveCfg = Debug|Any CPU
		{17498690-8BF0-41AF-911A-E7395AF92C0C}.Debug|Any CPU.Build.0 = Debug|Any CPU
		{17498690-8BF0-41AF-911A-E7395AF92C0C}.Release|Any CPU.ActiveCfg = Release|Any CPU
		{17498690-8BF0-41AF-911A-E7395AF92C0C}.Release|Any CPU.Build.0 = Release|Any CPU
		{153E3FFC-984E-4B76-92E7-D9973EB14570}.Debug|Any CPU.ActiveCfg = Debug|Any CPU
		{153E3FFC-984E-4B76-92E7-D9973EB14570}.Debug|Any CPU.Build.0 = Debug|Any CPU
		{153E3FFC-984E-4B76-92E7-D9973EB14570}.Release|Any CPU.ActiveCfg = Release|Any CPU
		{153E3FFC-984E-4B76-92E7-D9973EB14570}.Release|Any CPU.Build.0 = Release|Any CPU
		{713ACEFA-E437-44CF-AA3E-F18027E09CD6}.Debug|Any CPU.ActiveCfg = Debug|Any CPU
		{713ACEFA-E437-44CF-AA3E-F18027E09CD6}.Debug|Any CPU.Build.0 = Debug|Any CPU
		{713ACEFA-E437-44CF-AA3E-F18027E09CD6}.Release|Any CPU.ActiveCfg = Release|Any CPU
		{713ACEFA-E437-44CF-AA3E-F18027E09CD6}.Release|Any CPU.Build.0 = Release|Any CPU
		{689CBE0C-6485-4AFC-89F2-F0631821E2D5}.Debug|Any CPU.ActiveCfg = Debug|Any CPU
		{689CBE0C-6485-4AFC-89F2-F0631821E2D5}.Debug|Any CPU.Build.0 = Debug|Any CPU
		{689CBE0C-6485-4AFC-89F2-F0631821E2D5}.Release|Any CPU.ActiveCfg = Release|Any CPU
		{689CBE0C-6485-4AFC-89F2-F0631821E2D5}.Release|Any CPU.Build.0 = Release|Any CPU
		{162367C4-1747-49A5-AEBE-CEF409C21489}.Debug|Any CPU.ActiveCfg = Debug|Any CPU
		{162367C4-1747-49A5-AEBE-CEF409C21489}.Debug|Any CPU.Build.0 = Debug|Any CPU
		{162367C4-1747-49A5-AEBE-CEF409C21489}.Release|Any CPU.ActiveCfg = Release|Any CPU
		{162367C4-1747-49A5-AEBE-CEF409C21489}.Release|Any CPU.Build.0 = Release|Any CPU
		{90744F75-0DE7-4AC7-B99A-97466717AE1A}.Debug|Any CPU.ActiveCfg = Debug|Any CPU
		{90744F75-0DE7-4AC7-B99A-97466717AE1A}.Debug|Any CPU.Build.0 = Debug|Any CPU
		{90744F75-0DE7-4AC7-B99A-97466717AE1A}.Release|Any CPU.ActiveCfg = Release|Any CPU
		{90744F75-0DE7-4AC7-B99A-97466717AE1A}.Release|Any CPU.Build.0 = Release|Any CPU
		{6757B348-B05A-4508-8B89-8378EC3797B1}.Debug|Any CPU.ActiveCfg = Debug|Any CPU
		{6757B348-B05A-4508-8B89-8378EC3797B1}.Debug|Any CPU.Build.0 = Debug|Any CPU
		{6757B348-B05A-4508-8B89-8378EC3797B1}.Release|Any CPU.ActiveCfg = Release|Any CPU
		{6757B348-B05A-4508-8B89-8378EC3797B1}.Release|Any CPU.Build.0 = Release|Any CPU
		{61CAB738-F9EB-42C4-B00A-31BF0D8CCAA0}.Debug|Any CPU.ActiveCfg = Debug|Any CPU
		{61CAB738-F9EB-42C4-B00A-31BF0D8CCAA0}.Debug|Any CPU.Build.0 = Debug|Any CPU
		{61CAB738-F9EB-42C4-B00A-31BF0D8CCAA0}.Release|Any CPU.ActiveCfg = Release|Any CPU
		{61CAB738-F9EB-42C4-B00A-31BF0D8CCAA0}.Release|Any CPU.Build.0 = Release|Any CPU
		{7832A76C-8FB3-462B-9966-D9215C83DB4A}.Debug|Any CPU.ActiveCfg = Debug|Any CPU
		{7832A76C-8FB3-462B-9966-D9215C83DB4A}.Debug|Any CPU.Build.0 = Debug|Any CPU
		{7832A76C-8FB3-462B-9966-D9215C83DB4A}.Release|Any CPU.ActiveCfg = Release|Any CPU
		{7832A76C-8FB3-462B-9966-D9215C83DB4A}.Release|Any CPU.Build.0 = Release|Any CPU
		{13423CAD-86C1-4A4D-B345-DBC4E8A32E59}.Debug|Any CPU.ActiveCfg = Debug|Any CPU
		{13423CAD-86C1-4A4D-B345-DBC4E8A32E59}.Debug|Any CPU.Build.0 = Debug|Any CPU
		{13423CAD-86C1-4A4D-B345-DBC4E8A32E59}.Release|Any CPU.ActiveCfg = Release|Any CPU
		{13423CAD-86C1-4A4D-B345-DBC4E8A32E59}.Release|Any CPU.Build.0 = Release|Any CPU
	EndGlobalSection
	GlobalSection(SolutionProperties) = preSolution
		HideSolutionNode = FALSE
	EndGlobalSection
	GlobalSection(NestedProjects) = preSolution
		{5FB26C28-24C3-4033-8FA9-47640C1696FA} = {152CAD6B-74D4-4641-A934-A772D80D33E9}
		{65920268-A94C-4C77-B7FA-E907CC372060} = {524CAD5D-F00E-4D03-A368-65E36FC09446}
		{97B9F60A-11AB-47E7-A1EF-67ABBCECF307} = {B5A5E164-6771-44AB-8A87-C18C7E6A569F}
		{B175D49D-F3B4-4546-ADE0-7EB4C0530398} = {5C58D504-2566-4083-8ABE-0C103D503405}
		{B2D21FC5-E58D-4803-BF34-5FE9297FB4FC} = {6E8FC808-D06B-45EC-8B6F-43D0AF9349D3}
		{BA3F1BFA-DB93-4ABA-BE06-926314E7ED17} = {5B44A6B0-A932-4BE0-B50F-5509E5DB396A}
		{17498690-8BF0-41AF-911A-E7395AF92C0C} = {0D8ECEF1-B64E-41C5-BED4-CA7CE9AC662E}
		{153E3FFC-984E-4B76-92E7-D9973EB14570} = {973DD2BD-BC69-46ED-A59C-BB321138E718}
		{713ACEFA-E437-44CF-AA3E-F18027E09CD6} = {29073A9F-C9F1-4143-844A-3FA133B57AD4}
		{689CBE0C-6485-4AFC-89F2-F0631821E2D5} = {CBF319A3-4FD3-4ED0-B732-7530F7F6C5C9}
		{162367C4-1747-49A5-AEBE-CEF409C21489} = {5C58D504-2566-4083-8ABE-0C103D503405}
		{90744F75-0DE7-4AC7-B99A-97466717AE1A} = {162CE8D4-F861-4907-8EE4-43DC4DF3E039}
		{6757B348-B05A-4508-8B89-8378EC3797B1} = {F07FABAB-BF63-44C1-8AEC-E5F85113356B}
		{61CAB738-F9EB-42C4-B00A-31BF0D8CCAA0} = {5C58D504-2566-4083-8ABE-0C103D503405}
		{7832A76C-8FB3-462B-9966-D9215C83DB4A} = {DF56F90A-F711-450C-BC80-29F793EBFB37}
		{13423CAD-86C1-4A4D-B345-DBC4E8A32E59} = {E70C2C0C-3529-44F9-9E70-4AEB6147907F}
	EndGlobalSection
	GlobalSection(ExtensibilityGlobals) = postSolution
		SolutionGuid = {5E3DB0B5-7361-460A-AB1E-D6550A6BEB49}
	EndGlobalSection
EndGlobal
